
Microsoft Visual Studio Solution File, Format Version 12.00
# Visual Studio 15
VisualStudioVersion = 15.0.26730.10
MinimumVisualStudioVersion = 10.0.40219.1
Project("{FAE04EC0-301F-11D3-BF4B-00C04F79EFBC}") = "LakewoodscoopScraper", "LakewoodscoopScraper\LakewoodscoopScraper.csproj", "{162DEFA8-0BF1-4642-9BF3-179B6FF8FDD7}"
EndProject
Project("{FAE04EC0-301F-11D3-BF4B-00C04F79EFBC}") = "LakewoodscoopScraper.data", "LakewoodscoopScraper.data\LakewoodscoopScraper.data.csproj", "{ACE00B95-60F8-472B-8912-F8653FB2A50A}"
EndProject
Global
	GlobalSection(SolutionConfigurationPlatforms) = preSolution
		Debug|Any CPU = Debug|Any CPU
		Release|Any CPU = Release|Any CPU
	EndGlobalSection
	GlobalSection(ProjectConfigurationPlatforms) = postSolution
		{162DEFA8-0BF1-4642-9BF3-179B6FF8FDD7}.Debug|Any CPU.ActiveCfg = Debug|Any CPU
		{162DEFA8-0BF1-4642-9BF3-179B6FF8FDD7}.Debug|Any CPU.Build.0 = Debug|Any CPU
		{162DEFA8-0BF1-4642-9BF3-179B6FF8FDD7}.Release|Any CPU.ActiveCfg = Release|Any CPU
		{162DEFA8-0BF1-4642-9BF3-179B6FF8FDD7}.Release|Any CPU.Build.0 = Release|Any CPU
		{ACE00B95-60F8-472B-8912-F8653FB2A50A}.Debug|Any CPU.ActiveCfg = Debug|Any CPU
		{ACE00B95-60F8-472B-8912-F8653FB2A50A}.Debug|Any CPU.Build.0 = Debug|Any CPU
		{ACE00B95-60F8-472B-8912-F8653FB2A50A}.Release|Any CPU.ActiveCfg = Release|Any CPU
		{ACE00B95-60F8-472B-8912-F8653FB2A50A}.Release|Any CPU.Build.0 = Release|Any CPU
	EndGlobalSection
	GlobalSection(SolutionProperties) = preSolution
		HideSolutionNode = FALSE
	EndGlobalSection
	GlobalSection(ExtensibilityGlobals) = postSolution
		SolutionGuid = {A10B9973-8376-49BE-8CCE-C18A4E9340DB}
	EndGlobalSection
EndGlobal
